{
  "nodes": {
    "grub2-themes": {
      "inputs": {
        "nixpkgs": "nixpkgs"
      },
      "locked": {
        "lastModified": 1755072091,
        "narHash": "sha256-FCkbELHIFXlVREaopW13QFMzwLPr/otjucmyNLQQXeg=",
        "owner": "vinceliuice",
        "repo": "grub2-themes",
        "rev": "03d8c9cf0d1bcf67765ac5fa35263f1b08c584fa",
        "type": "github"
      },
      "original": {
        "owner": "vinceliuice",
        "repo": "grub2-themes",
        "type": "github"
      }
    },
    "nixpkgs": {
      "locked": {
        "lastModified": 1755321066,
        "narHash": "sha256-6wJWyw24bdyO4WJ51b7kNZetPY3DaMtxRUK7v/rctAU=",
        "owner": "NixOS",
        "repo": "nixpkgs",
        "rev": "3b0feaf8c2160a10a974c890e93f5f5387728784",
        "type": "github"
      },
      "original": {
        "owner": "NixOS",
        "ref": "master",
        "repo": "nixpkgs",
        "type": "github"
      }
    },
    "nixpkgs_2": {
      "locked": {
        "lastModified": 1755027561,
        "narHash": "sha256-IVft239Bc8p8Dtvf7UAACMG5P3ZV+3/aO28gXpGtMXI=",
        "owner": "NixOS",
        "repo": "nixpkgs",
        "rev": "005433b926e16227259a1843015b5b2b7f7d1fc3",
        "type": "github"
      },
      "original": {
        "owner": "NixOS",
        "ref": "nixos-unstable",
        "repo": "nixpkgs",
        "type": "github"
      }
    },
    "root": {
      "inputs": {
        "grub2-themes": "grub2-themes",
        "nixpkgs": "nixpkgs_2"
      }
    }
  },
  "root": "root",
  "version": 7
}
